
Microsoft Visual Studio Solution File, Format Version 12.00
# Visual Studio Version 17
VisualStudioVersion = 17.10.35004.147
MinimumVisualStudioVersion = 10.0.40219.1
Project("{2150E333-8FDC-42A3-9474-1A3956D46DE8}") = "Services", "Services", "{91F9B7B5-D16B-4EDD-836D-06F3FB28F327}"
EndProject
Project("{2150E333-8FDC-42A3-9474-1A3956D46DE8}") = "Catalog", "Catalog", "{96928DDF-30E8-44B9-B509-F44326ACE7E8}"
EndProject
Project("{9A19103F-16F7-4668-BE54-9A1E7A4F7556}") = "MultiShop.Catalog", "Services\Catalog\MultiShop.Catalog\MultiShop.Catalog.csproj", "{CE3880E4-9085-4B61-8AAE-D26A687376FC}"
EndProject
Project("{2150E333-8FDC-42A3-9474-1A3956D46DE8}") = "Discount", "Discount", "{9CA4A269-9BEE-4F86-B1EA-AB92A854F569}"
EndProject
Project("{9A19103F-16F7-4668-BE54-9A1E7A4F7556}") = "MultiShop.Discount", "Services\Discount\MultiShop.Discount\MultiShop.Discount.csproj", "{859E6CA1-12D7-4EFA-A752-BA46404223E4}"
EndProject
Project("{2150E333-8FDC-42A3-9474-1A3956D46DE8}") = "Order", "Order", "{3B280B76-7D24-4CC7-80CF-3DC936F977D4}"
EndProject
Project("{2150E333-8FDC-42A3-9474-1A3956D46DE8}") = "Core", "Core", "{CA912453-6B06-4D4B-B99D-30B8F8F836D3}"
EndProject
Project("{2150E333-8FDC-42A3-9474-1A3956D46DE8}") = "Infrastructure", "Infrastructure", "{91257DC0-1D88-4D83-A495-1578A8C8C54A}"
EndProject
Project("{2150E333-8FDC-42A3-9474-1A3956D46DE8}") = "Presentation", "Presentation", "{74E4BC53-A0D3-420D-83A5-86ED5310AD7D}"
EndProject
Project("{9A19103F-16F7-4668-BE54-9A1E7A4F7556}") = "MultiShop.Order.Domain", "Services\Order\Core\MultiShop.Order.Domain\MultiShop.Order.Domain.csproj", "{7D7496FD-DC71-4BA8-9F70-E15E615810B5}"
EndProject
Project("{9A19103F-16F7-4668-BE54-9A1E7A4F7556}") = "MultiShop.Order.Application", "Services\Order\Core\MultiShop.Order.Application\MultiShop.Order.Application.csproj", "{EB31B285-D296-47A0-A3F2-15AD957EF04E}"
EndProject
Project("{9A19103F-16F7-4668-BE54-9A1E7A4F7556}") = "MultiShop.Order.Persistence", "Services\Order\Infrastructure\MultiShop.Order.Persistence\MultiShop.Order.Persistence.csproj", "{4EE8DFAE-79A3-4614-8CDB-88C03DF4B132}"
EndProject
Project("{9A19103F-16F7-4668-BE54-9A1E7A4F7556}") = "MultiShop.Order.WepApi", "Services\Order\Presentation\MultiShop.Order.WepApi\MultiShop.Order.WepApi.csproj", "{B34AD9BF-CC24-4093-9A9F-CF464CDD8DCC}"
EndProject
Project("{2150E333-8FDC-42A3-9474-1A3956D46DE8}") = "IdentityServer", "IdentityServer", "{A3155CBD-97F3-4F0A-986C-C2DBB3021A66}"
EndProject
Project("{9A19103F-16F7-4668-BE54-9A1E7A4F7556}") = "MultiShop.IdentityServer", "IdentityServer\MultiShop.IdentityServer\MultiShop.IdentityServer.csproj", "{F9CE4D9F-5646-4A90-9B52-3CF336D1C859}"
EndProject
Project("{2150E333-8FDC-42A3-9474-1A3956D46DE8}") = "Requirement", "Requirement", "{57A989A4-0E7E-4467-9B6E-3055E51C2159}"
	ProjectSection(SolutionItems) = preProject
		IdentityServerVersionErrorSolution.txt = IdentityServerVersionErrorSolution.txt
		OcelotCodeExample.txt = OcelotCodeExample.txt
		OcelotLink.txt = OcelotLink.txt
		PortainerCmd.txt = PortainerCmd.txt
	EndProjectSection
EndProject
Project("{2150E333-8FDC-42A3-9474-1A3956D46DE8}") = "Cargo", "Cargo", "{314495CD-5D3F-4750-95EB-64CC256823DD}"
EndProject
Project("{9A19103F-16F7-4668-BE54-9A1E7A4F7556}") = "MultiShop.Cargo.EntityLayer", "Services\Cargo\MultiShop.Cargo.EntityLayer\MultiShop.Cargo.EntityLayer.csproj", "{B90DC4D4-20C2-443E-A36E-94BEDF40FBD4}"
EndProject
Project("{9A19103F-16F7-4668-BE54-9A1E7A4F7556}") = "MultiShop.Cargo.BusinessLayer", "Services\Cargo\MultiShop.Cargo.BusinessLayer\MultiShop.Cargo.BusinessLayer.csproj", "{F780FEA1-7AD4-4DA6-AEF4-E67AFC1F4B98}"
EndProject
Project("{9A19103F-16F7-4668-BE54-9A1E7A4F7556}") = "MultiShop.Cargo.DataAccesLayer", "Services\Cargo\MultiShop.Cargo.DataAccesLayer\MultiShop.Cargo.DataAccesLayer.csproj", "{0D242A12-214F-404A-9B5C-E690F8597489}"
EndProject
Project("{9A19103F-16F7-4668-BE54-9A1E7A4F7556}") = "MultiShop.Cargo.DtoLayer", "Services\Cargo\MultiShop.Cargo.DtoLayer\MultiShop.Cargo.DtoLayer.csproj", "{4C99A13A-91E4-4A4B-AA63-27233D7C352A}"
EndProject
Project("{9A19103F-16F7-4668-BE54-9A1E7A4F7556}") = "MultiShop.Cargo.WebApi", "Services\Cargo\MultiShop.Cargo.WebApi\MultiShop.Cargo.WebApi.csproj", "{5AE6F019-92FD-40E6-9C5E-B86BAC085CEE}"
EndProject
Project("{2150E333-8FDC-42A3-9474-1A3956D46DE8}") = "Basket", "Basket", "{9B08C614-BF9D-43D3-AA59-EF651E7FEEDF}"
EndProject
Project("{9A19103F-16F7-4668-BE54-9A1E7A4F7556}") = "MultiShop.Basket", "Services\Basket\MultiShop.Basket\MultiShop.Basket.csproj", "{4DA975B1-4FD4-4610-8CFB-B5370D0AD8CE}"
EndProject
Project("{2150E333-8FDC-42A3-9474-1A3956D46DE8}") = "Frontends", "Frontends", "{D6A6D63D-EEB4-444D-8E5B-1154AFB3291C}"
EndProject
Project("{9A19103F-16F7-4668-BE54-9A1E7A4F7556}") = "MultiShop.WebUI", "Frontends\MultiShop.WebUI\MultiShop.WebUI.csproj", "{AC81FA13-D4E9-4CC8-A0B1-A6A9B1F2BD6A}"
EndProject
Project("{9A19103F-16F7-4668-BE54-9A1E7A4F7556}") = "MultiShop.DtoLayer", "Services\MultiShop.DtoLayer\MultiShop.DtoLayer.csproj", "{F277B0BA-01B0-4395-9F53-2392F241179D}"
EndProject
Project("{2150E333-8FDC-42A3-9474-1A3956D46DE8}") = "Comment", "Comment", "{81C7B0E2-C802-4EFA-BB62-9F874BBDE6C8}"
EndProject
Project("{9A19103F-16F7-4668-BE54-9A1E7A4F7556}") = "MultiShop.Comment", "Services\Comment\MultiShop.Comment\MultiShop.Comment.csproj", "{11D6304A-3F57-4A7C-A324-9B03CD2E6354}"
EndProject
Project("{2150E333-8FDC-42A3-9474-1A3956D46DE8}") = "ApiGateway", "ApiGateway", "{ECC7A1EC-BC0D-4A03-B7E6-2D5FA00F4972}"
EndProject
Project("{2150E333-8FDC-42A3-9474-1A3956D46DE8}") = "RapidApi", "RapidApi", "{69DA495D-E09B-4F25-8F29-D0A6723E5BBA}"
EndProject
Project("{9A19103F-16F7-4668-BE54-9A1E7A4F7556}") = "MultiShop.OcelotGateway", "ApiGateway\MultiShop.OcelotGateway\MultiShop.OcelotGateway.csproj", "{8C3C5E8F-EF4C-4FF4-BDFC-D75E5EB5C521}"
EndProject
Project("{2150E333-8FDC-42A3-9474-1A3956D46DE8}") = "Payment", "Payment", "{12B7381C-BC41-4AE1-8560-28BA44C5D803}"
EndProject
Project("{9A19103F-16F7-4668-BE54-9A1E7A4F7556}") = "MultiShop.Payment", "Services\Payment\MultiShop.Payment\MultiShop.Payment.csproj", "{B6A11969-9529-47E1-8FD0-C41169A0A96C}"
EndProject
Project("{2150E333-8FDC-42A3-9474-1A3956D46DE8}") = "Images", "Images", "{A0331DDC-3C58-4542-B312-8073D7BB645D}"
EndProject
Project("{9A19103F-16F7-4668-BE54-9A1E7A4F7556}") = "MultiShop.Images", "Services\Images\MultiShop.Images\MultiShop.Images.csproj", "{ED7E3F1E-E72E-454C-AC48-AFBA90A9F656}"
EndProject
Project("{2150E333-8FDC-42A3-9474-1A3956D46DE8}") = "RabbitMQMessage", "RabbitMQMessage", "{9602A7FB-8700-427C-8BF1-9016FF53FECF}"
EndProject
Project("{FAE04EC0-301F-11D3-BF4B-00C04F79EFBC}") = "MultiShop.RabbitMQMessage", "RabbitMQMessage\MultiShop.RabbitMQMessage\MultiShop.RabbitMQMessage.csproj", "{DB6CEB04-67C8-40C2-AC8D-8EE2D4E03536}"
EndProject
Global
	GlobalSection(SolutionConfigurationPlatforms) = preSolution
		Debug|Any CPU = Debug|Any CPU
		Release|Any CPU = Release|Any CPU
	EndGlobalSection
	GlobalSection(ProjectConfigurationPlatforms) = postSolution
		{CE3880E4-9085-4B61-8AAE-D26A687376FC}.Debug|Any CPU.ActiveCfg = Debug|Any CPU
		{CE3880E4-9085-4B61-8AAE-D26A687376FC}.Debug|Any CPU.Build.0 = Debug|Any CPU
		{CE3880E4-9085-4B61-8AAE-D26A687376FC}.Release|Any CPU.ActiveCfg = Release|Any CPU
		{CE3880E4-9085-4B61-8AAE-D26A687376FC}.Release|Any CPU.Build.0 = Release|Any CPU
		{859E6CA1-12D7-4EFA-A752-BA46404223E4}.Debug|Any CPU.ActiveCfg = Debug|Any CPU
		{859E6CA1-12D7-4EFA-A752-BA46404223E4}.Debug|Any CPU.Build.0 = Debug|Any CPU
		{859E6CA1-12D7-4EFA-A752-BA46404223E4}.Release|Any CPU.ActiveCfg = Release|Any CPU
		{859E6CA1-12D7-4EFA-A752-BA46404223E4}.Release|Any CPU.Build.0 = Release|Any CPU
		{7D7496FD-DC71-4BA8-9F70-E15E615810B5}.Debug|Any CPU.ActiveCfg = Debug|Any CPU
		{7D7496FD-DC71-4BA8-9F70-E15E615810B5}.Debug|Any CPU.Build.0 = Debug|Any CPU
		{7D7496FD-DC71-4BA8-9F70-E15E615810B5}.Release|Any CPU.ActiveCfg = Release|Any CPU
		{7D7496FD-DC71-4BA8-9F70-E15E615810B5}.Release|Any CPU.Build.0 = Release|Any CPU
		{EB31B285-D296-47A0-A3F2-15AD957EF04E}.Debug|Any CPU.ActiveCfg = Debug|Any CPU
		{EB31B285-D296-47A0-A3F2-15AD957EF04E}.Debug|Any CPU.Build.0 = Debug|Any CPU
		{EB31B285-D296-47A0-A3F2-15AD957EF04E}.Release|Any CPU.ActiveCfg = Release|Any CPU
		{EB31B285-D296-47A0-A3F2-15AD957EF04E}.Release|Any CPU.Build.0 = Release|Any CPU
		{4EE8DFAE-79A3-4614-8CDB-88C03DF4B132}.Debug|Any CPU.ActiveCfg = Debug|Any CPU
		{4EE8DFAE-79A3-4614-8CDB-88C03DF4B132}.Debug|Any CPU.Build.0 = Debug|Any CPU
		{4EE8DFAE-79A3-4614-8CDB-88C03DF4B132}.Release|Any CPU.ActiveCfg = Release|Any CPU
		{4EE8DFAE-79A3-4614-8CDB-88C03DF4B132}.Release|Any CPU.Build.0 = Release|Any CPU
		{B34AD9BF-CC24-4093-9A9F-CF464CDD8DCC}.Debug|Any CPU.ActiveCfg = Debug|Any CPU
		{B34AD9BF-CC24-4093-9A9F-CF464CDD8DCC}.Debug|Any CPU.Build.0 = Debug|Any CPU
		{B34AD9BF-CC24-4093-9A9F-CF464CDD8DCC}.Release|Any CPU.ActiveCfg = Release|Any CPU
		{B34AD9BF-CC24-4093-9A9F-CF464CDD8DCC}.Release|Any CPU.Build.0 = Release|Any CPU
		{F9CE4D9F-5646-4A90-9B52-3CF336D1C859}.Debug|Any CPU.ActiveCfg = Debug|Any CPU
		{F9CE4D9F-5646-4A90-9B52-3CF336D1C859}.Debug|Any CPU.Build.0 = Debug|Any CPU
		{F9CE4D9F-5646-4A90-9B52-3CF336D1C859}.Release|Any CPU.ActiveCfg = Release|Any CPU
		{F9CE4D9F-5646-4A90-9B52-3CF336D1C859}.Release|Any CPU.Build.0 = Release|Any CPU
		{B90DC4D4-20C2-443E-A36E-94BEDF40FBD4}.Debug|Any CPU.ActiveCfg = Debug|Any CPU
		{B90DC4D4-20C2-443E-A36E-94BEDF40FBD4}.Debug|Any CPU.Build.0 = Debug|Any CPU
		{B90DC4D4-20C2-443E-A36E-94BEDF40FBD4}.Release|Any CPU.ActiveCfg = Release|Any CPU
		{B90DC4D4-20C2-443E-A36E-94BEDF40FBD4}.Release|Any CPU.Build.0 = Release|Any CPU
		{F780FEA1-7AD4-4DA6-AEF4-E67AFC1F4B98}.Debug|Any CPU.ActiveCfg = Debug|Any CPU
		{F780FEA1-7AD4-4DA6-AEF4-E67AFC1F4B98}.Debug|Any CPU.Build.0 = Debug|Any CPU
		{F780FEA1-7AD4-4DA6-AEF4-E67AFC1F4B98}.Release|Any CPU.ActiveCfg = Release|Any CPU
		{F780FEA1-7AD4-4DA6-AEF4-E67AFC1F4B98}.Release|Any CPU.Build.0 = Release|Any CPU
		{0D242A12-214F-404A-9B5C-E690F8597489}.Debug|Any CPU.ActiveCfg = Debug|Any CPU
		{0D242A12-214F-404A-9B5C-E690F8597489}.Debug|Any CPU.Build.0 = Debug|Any CPU
		{0D242A12-214F-404A-9B5C-E690F8597489}.Release|Any CPU.ActiveCfg = Release|Any CPU
		{0D242A12-214F-404A-9B5C-E690F8597489}.Release|Any CPU.Build.0 = Release|Any CPU
		{4C99A13A-91E4-4A4B-AA63-27233D7C352A}.Debug|Any CPU.ActiveCfg = Debug|Any CPU
		{4C99A13A-91E4-4A4B-AA63-27233D7C352A}.Debug|Any CPU.Build.0 = Debug|Any CPU
		{4C99A13A-91E4-4A4B-AA63-27233D7C352A}.Release|Any CPU.ActiveCfg = Release|Any CPU
		{4C99A13A-91E4-4A4B-AA63-27233D7C352A}.Release|Any CPU.Build.0 = Release|Any CPU
		{5AE6F019-92FD-40E6-9C5E-B86BAC085CEE}.Debug|Any CPU.ActiveCfg = Debug|Any CPU
		{5AE6F019-92FD-40E6-9C5E-B86BAC085CEE}.Debug|Any CPU.Build.0 = Debug|Any CPU
		{5AE6F019-92FD-40E6-9C5E-B86BAC085CEE}.Release|Any CPU.ActiveCfg = Release|Any CPU
		{5AE6F019-92FD-40E6-9C5E-B86BAC085CEE}.Release|Any CPU.Build.0 = Release|Any CPU
		{4DA975B1-4FD4-4610-8CFB-B5370D0AD8CE}.Debug|Any CPU.ActiveCfg = Debug|Any CPU
		{4DA975B1-4FD4-4610-8CFB-B5370D0AD8CE}.Debug|Any CPU.Build.0 = Debug|Any CPU
		{4DA975B1-4FD4-4610-8CFB-B5370D0AD8CE}.Release|Any CPU.ActiveCfg = Release|Any CPU
		{4DA975B1-4FD4-4610-8CFB-B5370D0AD8CE}.Release|Any CPU.Build.0 = Release|Any CPU
		{AC81FA13-D4E9-4CC8-A0B1-A6A9B1F2BD6A}.Debug|Any CPU.ActiveCfg = Debug|Any CPU
		{AC81FA13-D4E9-4CC8-A0B1-A6A9B1F2BD6A}.Debug|Any CPU.Build.0 = Debug|Any CPU
		{AC81FA13-D4E9-4CC8-A0B1-A6A9B1F2BD6A}.Release|Any CPU.ActiveCfg = Release|Any CPU
		{AC81FA13-D4E9-4CC8-A0B1-A6A9B1F2BD6A}.Release|Any CPU.Build.0 = Release|Any CPU
		{F277B0BA-01B0-4395-9F53-2392F241179D}.Debug|Any CPU.ActiveCfg = Debug|Any CPU
		{F277B0BA-01B0-4395-9F53-2392F241179D}.Debug|Any CPU.Build.0 = Debug|Any CPU
		{F277B0BA-01B0-4395-9F53-2392F241179D}.Release|Any CPU.ActiveCfg = Release|Any CPU
		{F277B0BA-01B0-4395-9F53-2392F241179D}.Release|Any CPU.Build.0 = Release|Any CPU
		{11D6304A-3F57-4A7C-A324-9B03CD2E6354}.Debug|Any CPU.ActiveCfg = Debug|Any CPU
		{11D6304A-3F57-4A7C-A324-9B03CD2E6354}.Debug|Any CPU.Build.0 = Debug|Any CPU
		{11D6304A-3F57-4A7C-A324-9B03CD2E6354}.Release|Any CPU.ActiveCfg = Release|Any CPU
		{11D6304A-3F57-4A7C-A324-9B03CD2E6354}.Release|Any CPU.Build.0 = Release|Any CPU
		{8C3C5E8F-EF4C-4FF4-BDFC-D75E5EB5C521}.Debug|Any CPU.ActiveCfg = Debug|Any CPU
		{8C3C5E8F-EF4C-4FF4-BDFC-D75E5EB5C521}.Debug|Any CPU.Build.0 = Debug|Any CPU
		{8C3C5E8F-EF4C-4FF4-BDFC-D75E5EB5C521}.Release|Any CPU.ActiveCfg = Release|Any CPU
		{8C3C5E8F-EF4C-4FF4-BDFC-D75E5EB5C521}.Release|Any CPU.Build.0 = Release|Any CPU
		{B6A11969-9529-47E1-8FD0-C41169A0A96C}.Debug|Any CPU.ActiveCfg = Debug|Any CPU
		{B6A11969-9529-47E1-8FD0-C41169A0A96C}.Debug|Any CPU.Build.0 = Debug|Any CPU
		{B6A11969-9529-47E1-8FD0-C41169A0A96C}.Release|Any CPU.ActiveCfg = Release|Any CPU
		{B6A11969-9529-47E1-8FD0-C41169A0A96C}.Release|Any CPU.Build.0 = Release|Any CPU
		{ED7E3F1E-E72E-454C-AC48-AFBA90A9F656}.Debug|Any CPU.ActiveCfg = Debug|Any CPU
		{ED7E3F1E-E72E-454C-AC48-AFBA90A9F656}.Debug|Any CPU.Build.0 = Debug|Any CPU
		{ED7E3F1E-E72E-454C-AC48-AFBA90A9F656}.Release|Any CPU.ActiveCfg = Release|Any CPU
		{ED7E3F1E-E72E-454C-AC48-AFBA90A9F656}.Release|Any CPU.Build.0 = Release|Any CPU
		{DB6CEB04-67C8-40C2-AC8D-8EE2D4E03536}.Debug|Any CPU.ActiveCfg = Debug|Any CPU
		{DB6CEB04-67C8-40C2-AC8D-8EE2D4E03536}.Debug|Any CPU.Build.0 = Debug|Any CPU
		{DB6CEB04-67C8-40C2-AC8D-8EE2D4E03536}.Release|Any CPU.ActiveCfg = Release|Any CPU
		{DB6CEB04-67C8-40C2-AC8D-8EE2D4E03536}.Release|Any CPU.Build.0 = Release|Any CPU
	EndGlobalSection
	GlobalSection(SolutionProperties) = preSolution
		HideSolutionNode = FALSE
	EndGlobalSection
	GlobalSection(NestedProjects) = preSolution
		{96928DDF-30E8-44B9-B509-F44326ACE7E8} = {91F9B7B5-D16B-4EDD-836D-06F3FB28F327}
		{CE3880E4-9085-4B61-8AAE-D26A687376FC} = {96928DDF-30E8-44B9-B509-F44326ACE7E8}
		{9CA4A269-9BEE-4F86-B1EA-AB92A854F569} = {91F9B7B5-D16B-4EDD-836D-06F3FB28F327}
		{859E6CA1-12D7-4EFA-A752-BA46404223E4} = {9CA4A269-9BEE-4F86-B1EA-AB92A854F569}
		{3B280B76-7D24-4CC7-80CF-3DC936F977D4} = {91F9B7B5-D16B-4EDD-836D-06F3FB28F327}
		{CA912453-6B06-4D4B-B99D-30B8F8F836D3} = {3B280B76-7D24-4CC7-80CF-3DC936F977D4}
		{91257DC0-1D88-4D83-A495-1578A8C8C54A} = {3B280B76-7D24-4CC7-80CF-3DC936F977D4}
		{74E4BC53-A0D3-420D-83A5-86ED5310AD7D} = {3B280B76-7D24-4CC7-80CF-3DC936F977D4}
		{7D7496FD-DC71-4BA8-9F70-E15E615810B5} = {CA912453-6B06-4D4B-B99D-30B8F8F836D3}
		{EB31B285-D296-47A0-A3F2-15AD957EF04E} = {CA912453-6B06-4D4B-B99D-30B8F8F836D3}
		{4EE8DFAE-79A3-4614-8CDB-88C03DF4B132} = {91257DC0-1D88-4D83-A495-1578A8C8C54A}
		{B34AD9BF-CC24-4093-9A9F-CF464CDD8DCC} = {74E4BC53-A0D3-420D-83A5-86ED5310AD7D}
		{F9CE4D9F-5646-4A90-9B52-3CF336D1C859} = {A3155CBD-97F3-4F0A-986C-C2DBB3021A66}
		{314495CD-5D3F-4750-95EB-64CC256823DD} = {91F9B7B5-D16B-4EDD-836D-06F3FB28F327}
		{B90DC4D4-20C2-443E-A36E-94BEDF40FBD4} = {314495CD-5D3F-4750-95EB-64CC256823DD}
		{F780FEA1-7AD4-4DA6-AEF4-E67AFC1F4B98} = {314495CD-5D3F-4750-95EB-64CC256823DD}
		{0D242A12-214F-404A-9B5C-E690F8597489} = {314495CD-5D3F-4750-95EB-64CC256823DD}
		{4C99A13A-91E4-4A4B-AA63-27233D7C352A} = {314495CD-5D3F-4750-95EB-64CC256823DD}
		{5AE6F019-92FD-40E6-9C5E-B86BAC085CEE} = {314495CD-5D3F-4750-95EB-64CC256823DD}
		{9B08C614-BF9D-43D3-AA59-EF651E7FEEDF} = {91F9B7B5-D16B-4EDD-836D-06F3FB28F327}
		{4DA975B1-4FD4-4610-8CFB-B5370D0AD8CE} = {9B08C614-BF9D-43D3-AA59-EF651E7FEEDF}
		{AC81FA13-D4E9-4CC8-A0B1-A6A9B1F2BD6A} = {D6A6D63D-EEB4-444D-8E5B-1154AFB3291C}
		{F277B0BA-01B0-4395-9F53-2392F241179D} = {D6A6D63D-EEB4-444D-8E5B-1154AFB3291C}
		{81C7B0E2-C802-4EFA-BB62-9F874BBDE6C8} = {91F9B7B5-D16B-4EDD-836D-06F3FB28F327}
		{11D6304A-3F57-4A7C-A324-9B03CD2E6354} = {81C7B0E2-C802-4EFA-BB62-9F874BBDE6C8}
		{8C3C5E8F-EF4C-4FF4-BDFC-D75E5EB5C521} = {ECC7A1EC-BC0D-4A03-B7E6-2D5FA00F4972}
		{12B7381C-BC41-4AE1-8560-28BA44C5D803} = {91F9B7B5-D16B-4EDD-836D-06F3FB28F327}
		{B6A11969-9529-47E1-8FD0-C41169A0A96C} = {12B7381C-BC41-4AE1-8560-28BA44C5D803}
		{A0331DDC-3C58-4542-B312-8073D7BB645D} = {91F9B7B5-D16B-4EDD-836D-06F3FB28F327}
		{ED7E3F1E-E72E-454C-AC48-AFBA90A9F656} = {A0331DDC-3C58-4542-B312-8073D7BB645D}
		{9602A7FB-8700-427C-8BF1-9016FF53FECF} = {91F9B7B5-D16B-4EDD-836D-06F3FB28F327}
		{DB6CEB04-67C8-40C2-AC8D-8EE2D4E03536} = {9602A7FB-8700-427C-8BF1-9016FF53FECF}
	EndGlobalSection
	GlobalSection(ExtensibilityGlobals) = postSolution
		SolutionGuid = {86805B9B-3A63-40A7-8DB7-A9F9F2D422BD}
	EndGlobalSection
EndGlobal
